
Microsoft Visual Studio Solution File, Format Version 12.00
# Visual Studio Version 17
VisualStudioVersion = 17.0.32126.317
MinimumVisualStudioVersion = 10.0.40219.1
Project("{FAE04EC0-301F-11D3-BF4B-00C04F79EFBC}") = "WebApplication1", "WebApplication1\WebApplication1.csproj", "{52E7A8F1-F54B-449F-A93B-2B7D45CF92A8}"
EndProject
Global
	GlobalSection(SolutionConfigurationPlatforms) = preSolution
		Debug|Any CPU = Debug|Any CPU
		Release|Any CPU = Release|Any CPU
	EndGlobalSection
	GlobalSection(ProjectConfigurationPlatforms) = postSolution
		{52E7A8F1-F54B-449F-A93B-2B7D45CF92A8}.Debug|Any CPU.ActiveCfg = Debug|Any CPU
		{52E7A8F1-F54B-449F-A93B-2B7D45CF92A8}.Debug|Any CPU.Build.0 = Debug|Any CPU
		{52E7A8F1-F54B-449F-A93B-2B7D45CF92A8}.Release|Any CPU.ActiveCfg = Release|Any CPU
		{52E7A8F1-F54B-449F-A93B-2B7D45CF92A8}.Release|Any CPU.Build.0 = Release|Any CPU
	EndGlobalSection
	GlobalSection(SolutionProperties) = preSolution
		HideSolutionNode = FALSE
	EndGlobalSection
	GlobalSection(ExtensibilityGlobals) = postSolution
		SolutionGuid = {B7FA94E1-3768-441A-93AD-B25DE3C0AEF3}
	EndGlobalSection
EndGlobal
